dependencies:
  idf:
    source:
      type: idf
    version: 5.5.3
  lvgl/lvgl:
    component_hash: 17e68bfd21f0edf4c3ee838e2273da840bf3930e5dbc3bfa6c1190c3aed41f9f
    dependencies: []
    source:
      registry_url: https://components.espressif.com/
      type: service
    version: 9.4.0
direct_dependencies:
- lvgl/lvgl
manifest_hash: 48a75646edb528f233a7ec338313472d3d516c45749ddc0448c961e5e3df2e50
target: esp32p4
version: 2.0.0
